// !$*UTF8*$!
{
	archiveVersion = 1;
	classes = {
	};
	objectVersion = 55;
	objects = {

/* Begin PBXBuildFile section */
		1A71A50B290732A90032690F /* AppDelegate.swift in Sources */ = {isa = PBXBuildFile; fileRef = 1A71A50A290732A90032690F /* AppDelegate.swift */; };
		1A71A50D290732A90032690F /* SceneDelegate.swift in Sources */ = {isa = PBXBuildFile; fileRef = 1A71A50C290732A90032690F /* SceneDelegate.swift */; };
		1A71A50F290732A90032690F /* ViewController.swift in Sources */ = {isa = PBXBuildFile; fileRef = 1A71A50E290732A90032690F /* ViewController.swift */; };
		1A71A512290732A90032690F /* Main.storyboard in Resources */ = {isa = PBXBuildFile; fileRef = 1A71A510290732A90032690F /* Main.storyboard */; };
		1A71A514290732AB0032690F /* Assets.xcassets in Resources */ = {isa = PBXBuildFile; fileRef = 1A71A513290732AB0032690F /* Assets.xcassets */; };
		1A71A517290732AB0032690F /* LaunchScreen.storyboard in Resources */ = {isa = PBXBuildFile; fileRef = 1A71A515290732AB0032690F /* LaunchScreen.storyboard */; };
		1A71A522290732AB0032690F /* simmerTests.swift in Sources */ = {isa = PBXBuildFile; fileRef = 1A71A521290732AB0032690F /* simmerTests.swift */; };
		1A71A52C290732AB0032690F /* simmerUITests.swift in Sources */ = {isa = PBXBuildFile; fileRef = 1A71A52B290732AB0032690F /* simmerUITests.swift */; };
		1A71A52E290732AB0032690F /* simmerUITestsLaunchTests.swift in Sources */ = {isa = PBXBuildFile; fileRef = 1A71A52D290732AB0032690F /* simmerUITestsLaunchTests.swift */; };
/* End PBXBuildFile section */

/* Begin PBXContainerItemProxy section */
		1A71A51E290732AB0032690F /* PBXContainerItemProxy */ = {
			isa = PBXContainerItemProxy;
			containerPortal = 1A71A4FF290732A90032690F /* Project object */;
			proxyType = 1;
			remoteGlobalIDString = 1A71A506290732A90032690F;
			remoteInfo = simmer;
		};
		1A71A528290732AB0032690F /* PBXContainerItemProxy */ = {
			isa = PBXContainerItemProxy;
			containerPortal = 1A71A4FF290732A90032690F /* Project object */;
			proxyType = 1;
			remoteGlobalIDString = 1A71A506290732A90032690F;
			remoteInfo = simmer;
		};
/* End PBXContainerItemProxy section */

/* Begin PBXFileReference section */
		1A71A507290732A90032690F /* simmer.app */ = {isa = PBXFileReference; explicitFileType = wrapper.application; includeInIndex = 0; path = simmer.app; sourceTree = BUILT_PRODUCTS_DIR; };
		1A71A50A290732A90032690F /* AppDelegate.swift */ = {isa = PBXFileReference; lastKnownFileType = sourcecode.swift; path = AppDelegate.swift; sourceTree = "<group>"; };
		1A71A50C290732A90032690F /* SceneDelegate.swift */ = {isa = PBXFileReference; lastKnownFileType = sourcecode.swift; path = SceneDelegate.swift; sourceTree = "<group>"; };
		1A71A50E290732A90032690F /* ViewController.swift */ = {isa = PBXFileReference; lastKnownFileType = sourcecode.swift; path = ViewController.swift; sourceTree = "<group>"; };
		1A71A511290732A90032690F /* Base */ = {isa = PBXFileReference; lastKnownFileType = file.storyboard; name = Base; path = Base.lproj/Main.storyboard; sourceTree = "<group>"; };
		1A71A513290732AB0032690F /* Assets.xcassets */ = {isa = PBXFileReference; lastKnownFileType = folder.assetcatalog; path = Assets.xcassets; sourceTree = "<group>"; };
		1A71A516290732AB0032690F /* Base */ = {isa = PBXFileReference; lastKnownFileType = file.storyboard; name = Base; path = Base.lproj/LaunchScreen.storyboard; sourceTree = "<group>"; };
		1A71A518290732AB0032690F /* Info.plist */ = {isa = PBXFileReference; lastKnownFileType = text.plist.xml; path = Info.plist; sourceTree = "<group>"; };
		1A71A51D290732AB0032690F /* simmerTests.xctest */ = {isa = PBXFileReference; explicitFileType = wrapper.cfbundle; includeInIndex = 0; path = simmerTests.xctest; sourceTree = BUILT_PRODUCTS_DIR; };
		1A71A521290732AB0032690F /* simmerTests.swift */ = {isa = PBXFileReference; lastKnownFileType = sourcecode.swift; path = simmerTests.swift; sourceTree = "<group>"; };
		1A71A527290732AB0032690F /* simmerUITests.xctest */ = {isa = PBXFileReference; explicitFileType = wrapper.cfbundle; includeInIndex = 0; path = simmerUITests.xctest; sourceTree = BUILT_PRODUCTS_DIR; };
		1A71A52B290732AB0032690F /* simmerUITests.swift */ = {isa = PBXFileReference; lastKnownFileType = sourcecode.swift; path = simmerUITests.swift; sourceTree = "<group>"; };
		1A71A52D290732AB0032690F /* simmerUITestsLaunchTests.swift */ = {isa = PBXFileReference; lastKnownFileType = sourcecode.swift; path = simmerUITestsLaunchTests.swift; sourceTree = "<group>"; };
/* End PBXFileReference section */

/* Begin PBXFrameworksBuildPhase section */
		1A71A504290732A90032690F /* Frameworks */ = {
			isa = PBXFrameworksBuildPhase;
			buildActionMask = 2147483647;
			files = (
			);
			runOnlyForDeploymentPostprocessing = 0;
		};
		1A71A51A290732AB0032690F /* Frameworks */ = {
			isa = PBXFrameworksBuildPhase;
			buildActionMask = 2147483647;
			files = (
			);
			runOnlyForDeploymentPostprocessing = 0;
		};
		1A71A524290732AB0032690F /* Frameworks */ = {
			isa = PBXFrameworksBuildPhase;
			buildActionMask = 2147483647;
			files = (
			);
			runOnlyForDeploymentPostprocessing = 0;
		};
/* End PBXFrameworksBuildPhase section */

/* Begin PBXGroup section */
		1A71A4FE290732A90032690F = {
			isa = PBXGroup;
			children = (
				1A71A509290732A90032690F /* simmer */,
				1A71A520290732AB0032690F /* simmerTests */,
				1A71A52A290732AB0032690F /* simmerUITests */,
				1A71A508290732A90032690F /* Products */,
			);
			sourceTree = "<group>";
		};
		1A71A508290732A90032690F /* Products */ = {
			isa = PBXGroup;
			children = (
				1A71A507290732A90032690F /* simmer.app */,
				1A71A51D290732AB0032690F /* simmerTests.xctest */,
				1A71A527290732AB0032690F /* simmerUITests.xctest */,
			);
			name = Products;
			sourceTree = "<group>";
		};
		1A71A509290732A90032690F /* simmer */ = {
			isa = PBXGroup;
			children = (
				1A71A50A290732A90032690F /* AppDelegate.swift */,
				1A71A50C290732A90032690F /* SceneDelegate.swift */,
				1A71A50E290732A90032690F /* ViewController.swift */,
				1A71A510290732A90032690F /* Main.storyboard */,
				1A71A513290732AB0032690F /* Assets.xcassets */,
				1A71A515290732AB0032690F /* LaunchScreen.storyboard */,
				1A71A518290732AB0032690F /* Info.plist */,
			);
			path = simmer;
			sourceTree = "<group>";
		};
		1A71A520290732AB0032690F /* simmerTests */ = {
			isa = PBXGroup;
			children = (
				1A71A521290732AB0032690F /* simmerTests.swift */,
			);
			path = simmerTests;
			sourceTree = "<group>";
		};
		1A71A52A290732AB0032690F /* simmerUITests */ = {
			isa = PBXGroup;
			children = (
				1A71A52B290732AB0032690F /* simmerUITests.swift */,
				1A71A52D290732AB0032690F /* simmerUITestsLaunchTests.swift */,
			);
			path = simmerUITests;
			sourceTree = "<group>";
		};
/* End PBXGroup section */

/* Begin PBXNativeTarget section */
		1A71A506290732A90032690F /* simmer */ = {
			isa = PBXNativeTarget;
			buildConfigurationList = 1A71A531290732AB0032690F /* Build configuration list for PBXNativeTarget "simmer" */;
			buildPhases = (
				1A71A503290732A90032690F /* Sources */,
				1A71A504290732A90032690F /* Frameworks */,
				1A71A505290732A90032690F /* Resources */,
			);
			buildRules = (
			);
			dependencies = (
			);
			name = simmer;
			productName = simmer;
			productReference = 1A71A507290732A90032690F /* simmer.app */;
			productType = "com.apple.product-type.application";
		};
		1A71A51C290732AB0032690F /* simmerTests */ = {
			isa = PBXNativeTarget;
			buildConfigurationList = 1A71A534290732AB0032690F /* Build configuration list for PBXNativeTarget "simmerTests" */;
			buildPhases = (
				1A71A519290732AB0032690F /* Sources */,
				1A71A51A290732AB0032690F /* Frameworks */,
				1A71A51B290732AB0032690F /* Resources */,
			);
			buildRules = (
			);
			dependencies = (
				1A71A51F290732AB0032690F /* PBXTargetDependency */,
			);
			name = simmerTests;
			productName = simmerTests;
			productReference = 1A71A51D290732AB0032690F /* simmerTests.xctest */;
			productType = "com.apple.product-type.bundle.unit-test";
		};
		1A71A526290732AB0032690F /* simmerUITests */ = {
			isa = PBXNativeTarget;
			buildConfigurationList = 1A71A537290732AB0032690F /* Build configuration list for PBXNativeTarget "simmerUITests" */;
			buildPhases = (
				1A71A523290732AB0032690F /* Sources */,
				1A71A524290732AB0032690F /* Frameworks */,
				1A71A525290732AB0032690F /* Resources */,
			);
			buildRules = (
			);
			dependencies = (
				1A71A529290732AB0032690F /* PBXTargetDependency */,
			);
			name = simmerUITests;
			productName = simmerUITests;
			productReference = 1A71A527290732AB0032690F /* simmerUITests.xctest */;
			productType = "com.apple.product-type.bundle.ui-testing";
		};
/* End PBXNativeTarget section */

/* Begin PBXProject section */
		1A71A4FF290732A90032690F /* Project object */ = {
			isa = PBXProject;
			attributes = {
				BuildIndependentTargetsInParallel = 1;
				LastSwiftUpdateCheck = 1340;
				LastUpgradeCheck = 1340;
				TargetAttributes = {
					1A71A506290732A90032690F = {
						CreatedOnToolsVersion = 13.4.1;
					};
					1A71A51C290732AB0032690F = {
						CreatedOnToolsVersion = 13.4.1;
						TestTargetID = 1A71A506290732A90032690F;
					};
					1A71A526290732AB0032690F = {
						CreatedOnToolsVersion = 13.4.1;
						TestTargetID = 1A71A506290732A90032690F;
					};
				};
			};
			buildConfigurationList = 1A71A502290732A90032690F /* Build configuration list for PBXProject "simmer" */;
			compatibilityVersion = "Xcode 13.0";
			developmentRegion = en;
			hasScannedForEncodings = 0;
			knownRegions = (
				en,
				Base,
			);
			mainGroup = 1A71A4FE290732A90032690F;
			productRefGroup = 1A71A508290732A90032690F /* Products */;
			projectDirPath = "";
			projectRoot = "";
			targets = (
				1A71A506290732A90032690F /* simmer */,
				1A71A51C290732AB0032690F /* simmerTests */,
				1A71A526290732AB0032690F /* simmerUITests */,
			);
		};
/* End PBXProject section */

/* Begin PBXResourcesBuildPhase section */
		1A71A505290732A90032690F /* Resources */ = {
			isa = PBXResourcesBuildPhase;
			buildActionMask = 2147483647;
			files = (
				1A71A517290732AB0032690F /* LaunchScreen.storyboard in Resources */,
				1A71A514290732AB0032690F /* Assets.xcassets in Resources */,
				1A71A512290732A90032690F /* Main.storyboard in Resources */,
			);
			runOnlyForDeploymentPostprocessing = 0;
		};
		1A71A51B290732AB0032690F /* Resources */ = {
			isa = PBXResourcesBuildPhase;
			buildActionMask = 2147483647;
			files = (
			);
			runOnlyForDeploymentPostprocessing = 0;
		};
		1A71A525290732AB0032690F /* Resources */ = {
			isa = PBXResourcesBuildPhase;
			buildActionMask = 2147483647;
			files = (
			);
			runOnlyForDeploymentPostprocessing = 0;
		};
/* End PBXResourcesBuildPhase section */

/* Begin PBXSourcesBuildPhase section */
		1A71A503290732A90032690F /* Sources */ = {
			isa = PBXSourcesBuildPhase;
			buildActionMask = 2147483647;
			files = (
				1A71A50F290732A90032690F /* ViewController.swift in Sources */,
				1A71A50B290732A90032690F /* AppDelegate.swift in Sources */,
				1A71A50D290732A90032690F /* SceneDelegate.swift in Sources */,
			);
			runOnlyForDeploymentPostprocessing = 0;
		};
		1A71A519290732AB0032690F /* Sources */ = {
			isa = PBXSourcesBuildPhase;
			buildActionMask = 2147483647;
			files = (
				1A71A522290732AB0032690F /* simmerTests.swift in Sources */,
			);
			runOnlyForDeploymentPostprocessing = 0;
		};
		1A71A523290732AB0032690F /* Sources */ = {
			isa = PBXSourcesBuildPhase;
			buildActionMask = 2147483647;
			files = (
				1A71A52C290732AB0032690F /* simmerUITests.swift in Sources */,
				1A71A52E290732AB0032690F /* simmerUITestsLaunchTests.swift in Sources */,
			);
			runOnlyForDeploymentPostprocessing = 0;
		};
/* End PBXSourcesBuildPhase section */

/* Begin PBXTargetDependency section */
		1A71A51F290732AB0032690F /* PBXTargetDependency */ = {
			isa = PBXTargetDependency;
			target = 1A71A506290732A90032690F /* simmer */;
			targetProxy = 1A71A51E290732AB0032690F /* PBXContainerItemProxy */;
		};
		1A71A529290732AB0032690F /* PBXTargetDependency */ = {
			isa = PBXTargetDependency;
			target = 1A71A506290732A90032690F /* simmer */;
			targetProxy = 1A71A528290732AB0032690F /* PBXContainerItemProxy */;
		};
/* End PBXTargetDependency section */

/* Begin PBXVariantGroup section */
		1A71A510290732A90032690F /* Main.storyboard */ = {
			isa = PBXVariantGroup;
			children = (
				1A71A511290732A90032690F /* Base */,
			);
			name = Main.storyboard;
			sourceTree = "<group>";
		};
		1A71A515290732AB0032690F /* LaunchScreen.storyboard */ = {
			isa = PBXVariantGroup;
			children = (
				1A71A516290732AB0032690F /* Base */,
			);
			name = LaunchScreen.storyboard;
			sourceTree = "<group>";
		};
/* End PBXVariantGroup section */

/* Begin XCBuildConfiguration section */
		1A71A52F290732AB0032690F /* Debug */ = {
			isa = XCBuildConfiguration;
			buildSettings = {
				ALWAYS_SEARCH_USER_PATHS = NO;
				CLANG_ANALYZER_NONNULL = YES;
				CLANG_ANALYZER_NUMBER_OBJECT_CONVERSION = YES_AGGRESSIVE;
				CLANG_CXX_LANGUAGE_STANDARD = "gnu++17";
				CLANG_ENABLE_MODULES = YES;
				CLANG_ENABLE_OBJC_ARC = YES;
				CLANG_ENABLE_OBJC_WEAK = YES;
				CLANG_WARN_BLOCK_CAPTURE_AUTORELEASING = YES;
				CLANG_WARN_BOOL_CONVERSION = YES;
				CLANG_WARN_COMMA = YES;
				CLANG_WARN_CONSTANT_CONVERSION = YES;
				CLANG_WARN_DEPRECATED_OBJC_IMPLEMENTATIONS = YES;
				CLANG_WARN_DIRECT_OBJC_ISA_USAGE = YES_ERROR;
				CLANG_WARN_DOCUMENTATION_COMMENTS = YES;
				CLANG_WARN_EMPTY_BODY = YES;
				CLANG_WARN_ENUM_CONVERSION = YES;
				CLANG_WARN_INFINITE_RECURSION = YES;
				CLANG_WARN_INT_CONVERSION = YES;
				CLANG_WARN_NON_LITERAL_NULL_CONVERSION = YES;
				CLANG_WARN_OBJC_IMPLICIT_RETAIN_SELF = YES;
				CLANG_WARN_OBJC_LITERAL_CONVERSION = YES;
				CLANG_WARN_OBJC_ROOT_CLASS = YES_ERROR;
				CLANG_WARN_QUOTED_INCLUDE_IN_FRAMEWORK_HEADER = YES;
				CLANG_WARN_RANGE_LOOP_ANALYSIS = YES;
				CLANG_WARN_STRICT_PROTOTYPES = YES;
				CLANG_WARN_SUSPICIOUS_MOVE = YES;
				CLANG_WARN_UNGUARDED_AVAILABILITY = YES_AGGRESSIVE;
				CLANG_WARN_UNREACHABLE_CODE = YES;
				CLANG_WARN__DUPLICATE_METHOD_MATCH = YES;
				COPY_PHASE_STRIP = NO;
				DEBUG_INFORMATION_FORMAT = dwarf;
				ENABLE_STRICT_OBJC_MSGSEND = YES;
				ENABLE_TESTABILITY = YES;
				GCC_C_LANGUAGE_STANDARD = gnu11;
				GCC_DYNAMIC_NO_PIC = NO;
				GCC_NO_COMMON_BLOCKS = YES;
				GCC_OPTIMIZATION_LEVEL = 0;
				GCC_PREPROCESSOR_DEFINITIONS = (
					"DEBUG=1",
					"$(inherited)",
				);
				GCC_WARN_64_TO_32_BIT_CONVERSION = YES;
				GCC_WARN_ABOUT_RETURN_TYPE = YES_ERROR;
				GCC_WARN_UNDECLARED_SELECTOR = YES;
				GCC_WARN_UNINITIALIZED_AUTOS = YES_AGGRESSIVE;
				GCC_WARN_UNUSED_FUNCTION = YES;
				GCC_WARN_UNUSED_VARIABLE = YES;
				IPHONEOS_DEPLOYMENT_TARGET = 15.5;
				MTL_ENABLE_DEBUG_INFO = INCLUDE_SOURCE;
				MTL_FAST_MATH = YES;
				ONLY_ACTIVE_ARCH = YES;
				SDKROOT = iphoneos;
				SWIFT_ACTIVE_COMPILATION_CONDITIONS = DEBUG;
				SWIFT_OPTIMIZATION_LEVEL = "-Onone";
			};
			name = Debug;
		};
		1A71A530290732AB0032690F /* Release */ = {
			isa = XCBuildConfiguration;
			buildSettings = {
				ALWAYS_SEARCH_USER_PATHS = NO;
				CLANG_ANALYZER_NONNULL = YES;
				CLANG_ANALYZER_NUMBER_OBJECT_CONVERSION = YES_AGGRESSIVE;
				CLANG_CXX_LANGUAGE_STANDARD = "gnu++17";
				CLANG_ENABLE_MODULES = YES;
				CLANG_ENABLE_OBJC_ARC = YES;
				CLANG_ENABLE_OBJC_WEAK = YES;
				CLANG_WARN_BLOCK_CAPTURE_AUTORELEASING = YES;
				CLANG_WARN_BOOL_CONVERSION = YES;
				CLANG_WARN_COMMA = YES;
				CLANG_WARN_CONSTANT_CONVERSION = YES;
				CLANG_WARN_DEPRECATED_OBJC_IMPLEMENTATIONS = YES;
				CLANG_WARN_DIRECT_OBJC_ISA_USAGE = YES_ERROR;
				CLANG_WARN_DOCUMENTATION_COMMENTS = YES;
				CLANG_WARN_EMPTY_BODY = YES;
				CLANG_WARN_ENUM_CONVERSION = YES;
				CLANG_WARN_INFINITE_RECURSION = YES;
				CLANG_WARN_INT_CONVERSION = YES;
				CLANG_WARN_NON_LITERAL_NULL_CONVERSION = YES;
				CLANG_WARN_OBJC_IMPLICIT_RETAIN_SELF = YES;
				CLANG_WARN_OBJC_LITERAL_CONVERSION = YES;
				CLANG_WARN_OBJC_ROOT_CLASS = YES_ERROR;
				CLANG_WARN_QUOTED_INCLUDE_IN_FRAMEWORK_HEADER = YES;
				CLANG_WARN_RANGE_LOOP_ANALYSIS = YES;
				CLANG_WARN_STRICT_PROTOTYPES = YES;
				CLANG_WARN_SUSPICIOUS_MOVE = YES;
				CLANG_WARN_UNGUARDED_AVAILABILITY = YES_AGGRESSIVE;
				CLANG_WARN_UNREACHABLE_CODE = YES;
				CLANG_WARN__DUPLICATE_METHOD_MATCH = YES;
				COPY_PHASE_STRIP = NO;
				DEBUG_INFORMATION_FORMAT = "dwarf-with-dsym";
				ENABLE_NS_ASSERTIONS = NO;
				ENABLE_STRICT_OBJC_MSGSEND = YES;
				GCC_C_LANGUAGE_STANDARD = gnu11;
				GCC_NO_COMMON_BLOCKS = YES;
				GCC_WARN_64_TO_32_BIT_CONVERSION = YES;
				GCC_WARN_ABOUT_RETURN_TYPE = YES_ERROR;
				GCC_WARN_UNDECLARED_SELECTOR = YES;
				GCC_WARN_UNINITIALIZED_AUTOS = YES_AGGRESSIVE;
				GCC_WARN_UNUSED_FUNCTION = YES;
				GCC_WARN_UNUSED_VARIABLE = YES;
				IPHONEOS_DEPLOYMENT_TARGET = 15.5;
				MTL_ENABLE_DEBUG_INFO = NO;
				MTL_FAST_MATH = YES;
				SDKROOT = iphoneos;
				SWIFT_COMPILATION_MODE = wholemodule;
				SWIFT_OPTIMIZATION_LEVEL = "-O";
				VALIDATE_PRODUCT = YES;
			};
			name = Release;
		};
		1A71A532290732AB0032690F /* Debug */ = {
			isa = XCBuildConfiguration;
			buildSettings = {
				ASSETCATALOG_COMPILER_APPICON_NAME = AppIcon;
				ASSETCATALOG_COMPILER_GLOBAL_ACCENT_COLOR_NAME = AccentColor;
				CODE_SIGN_STYLE = Automatic;
				CURRENT_PROJECT_VERSION = 1;
				DEVELOPMENT_TEAM = 5N4P5H2PC7;
				GENERATE_INFOPLIST_FILE = YES;
				INFOPLIST_FILE = simmer/Info.plist;
				INFOPLIST_KEY_UIApplicationSupportsIndirectInputEvents = YES;
				INFOPLIST_KEY_UILaunchStoryboardName = LaunchScreen;
				INFOPLIST_KEY_UIMainStoryboardFile = Main;
				INFOPLIST_KEY_UISupportedInterfaceOrientations_iPad = "UIInterfaceOrientationPortrait UIInterfaceOrientationPortraitUpsideDown UIInterfaceOrientationLandscapeLeft UIInterfaceOrientationLandscapeRight";
				INFOPLIST_KEY_UISupportedInterfaceOrientations_iPhone = "UIInterfaceOrientationPortrait UIInterfaceOrientationLandscapeLeft UIInterfaceOrientationLandscapeRight";
				LD_RUNPATH_SEARCH_PATHS = (
					"$(inherited)",
					"@executable_path/Frameworks",
				);
				MARKETING_VERSION = 1.0;
				PRODUCT_BUNDLE_IDENTIFIER = SimmerDating.simmer;
				PRODUCT_NAME = "$(TARGET_NAME)";
				SWIFT_EMIT_LOC_STRINGS = YES;
				SWIFT_VERSION = 5.0;
				TARGETED_DEVICE_FAMILY = "1,2";
			};
			name = Debug;
		};
		1A71A533290732AB0032690F /* Release */ = {
			isa = XCBuildConfiguration;
			buildSettings = {
				ASSETCATALOG_COMPILER_APPICON_NAME = AppIcon;
				ASSETCATALOG_COMPILER_GLOBAL_ACCENT_COLOR_NAME = AccentColor;
				CODE_SIGN_STYLE = Automatic;
				CURRENT_PROJECT_VERSION = 1;
				DEVELOPMENT_TEAM = 5N4P5H2PC7;
				GENERATE_INFOPLIST_FILE = YES;
				INFOPLIST_FILE = simmer/Info.plist;
				INFOPLIST_KEY_UIApplicationSupportsIndirectInputEvents = YES;
				INFOPLIST_KEY_UILaunchStoryboardName = LaunchScreen;
				INFOPLIST_KEY_UIMainStoryboardFile = Main;
				INFOPLIST_KEY_UISupportedInterfaceOrientations_iPad = "UIInterfaceOrientationPortrait UIInterfaceOrientationPortraitUpsideDown UIInterfaceOrientationLandscapeLeft UIInterfaceOrientationLandscapeRight";
				INFOPLIST_KEY_UISupportedInterfaceOrientations_iPhone = "UIInterfaceOrientationPortrait UIInterfaceOrientationLandscapeLeft UIInterfaceOrientationLandscapeRight";
				LD_RUNPATH_SEARCH_PATHS = (
					"$(inherited)",
					"@executable_path/Frameworks",
				);
				MARKETING_VERSION = 1.0;
				PRODUCT_BUNDLE_IDENTIFIER = SimmerDating.simmer;
				PRODUCT_NAME = "$(TARGET_NAME)";
				SWIFT_EMIT_LOC_STRINGS = YES;
				SWIFT_VERSION = 5.0;
				TARGETED_DEVICE_FAMILY = "1,2";
			};
			name = Release;
		};
		1A71A535290732AB0032690F /* Debug */ = {
			isa = XCBuildConfiguration;
			buildSettings = {
				ALWAYS_EMBED_SWIFT_STANDARD_LIBRARIES = YES;
				BUNDLE_LOADER = "$(TEST_HOST)";
				CODE_SIGN_STYLE = Automatic;
				CURRENT_PROJECT_VERSION = 1;
				DEVELOPMENT_TEAM = 5N4P5H2PC7;
				GENERATE_INFOPLIST_FILE = YES;
				IPHONEOS_DEPLOYMENT_TARGET = 15.5;
				MARKETING_VERSION = 1.0;
				PRODUCT_BUNDLE_IDENTIFIER = SimmerDating.simmerTests;
				PRODUCT_NAME = "$(TARGET_NAME)";
				SWIFT_EMIT_LOC_STRINGS = NO;
				SWIFT_VERSION = 5.0;
				TARGETED_DEVICE_FAMILY = "1,2";
				TEST_HOST = "$(BUILT_PRODUCTS_DIR)/simmer.app/simmer";
			};
			name = Debug;
		};
		1A71A536290732AB0032690F /* Release */ = {
			isa = XCBuildConfiguration;
			buildSettings = {
				ALWAYS_EMBED_SWIFT_STANDARD_LIBRARIES = YES;
				BUNDLE_LOADER = "$(TEST_HOST)";
				CODE_SIGN_STYLE = Automatic;
				CURRENT_PROJECT_VERSION = 1;
				DEVELOPMENT_TEAM = 5N4P5H2PC7;
				GENERATE_INFOPLIST_FILE = YES;
				IPHONEOS_DEPLOYMENT_TARGET = 15.5;
				MARKETING_VERSION = 1.0;
				PRODUCT_BUNDLE_IDENTIFIER = SimmerDating.simmerTests;
				PRODUCT_NAME = "$(TARGET_NAME)";
				SWIFT_EMIT_LOC_STRINGS = NO;
				SWIFT_VERSION = 5.0;
				TARGETED_DEVICE_FAMILY = "1,2";
				TEST_HOST = "$(BUILT_PRODUCTS_DIR)/simmer.app/simmer";
			};
			name = Release;
		};
		1A71A538290732AB0032690F /* Debug */ = {
			isa = XCBuildConfiguration;
			buildSettings = {
				ALWAYS_EMBED_SWIFT_STANDARD_LIBRARIES = YES;
				CODE_SIGN_STYLE = Automatic;
				CURRENT_PROJECT_VERSION = 1;
				DEVELOPMENT_TEAM = 5N4P5H2PC7;
				GENERATE_INFOPLIST_FILE = YES;
				MARKETING_VERSION = 1.0;
				PRODUCT_BUNDLE_IDENTIFIER = SimmerDating.simmerUITests;
				PRODUCT_NAME = "$(TARGET_NAME)";
				SWIFT_EMIT_LOC_STRINGS = NO;
				SWIFT_VERSION = 5.0;
				TARGETED_DEVICE_FAMILY = "1,2";
				TEST_TARGET_NAME = simmer;
			};
			name = Debug;
		};
		1A71A539290732AB0032690F /* Release */ = {
			isa = XCBuildConfiguration;
			buildSettings = {
				ALWAYS_EMBED_SWIFT_STANDARD_LIBRARIES = YES;
				CODE_SIGN_STYLE = Automatic;
				CURRENT_PROJECT_VERSION = 1;
				DEVELOPMENT_TEAM = 5N4P5H2PC7;
				GENERATE_INFOPLIST_FILE = YES;
				MARKETING_VERSION = 1.0;
				PRODUCT_BUNDLE_IDENTIFIER = SimmerDating.simmerUITests;
				PRODUCT_NAME = "$(TARGET_NAME)";
				SWIFT_EMIT_LOC_STRINGS = NO;
				SWIFT_VERSION = 5.0;
				TARGETED_DEVICE_FAMILY = "1,2";
				TEST_TARGET_NAME = simmer;
			};
			name = Release;
		};
/* End XCBuildConfiguration section */

/* Begin XCConfigurationList section */
		1A71A502290732A90032690F /* Build configuration list for PBXProject "simmer" */ = {
			isa = XCConfigurationList;
			buildConfigurations = (
				1A71A52F290732AB0032690F /* Debug */,
				1A71A530290732AB0032690F /* Release */,
			);
			defaultConfigurationIsVisible = 0;
			defaultConfigurationName = Release;
		};
		1A71A531290732AB0032690F /* Build configuration list for PBXNativeTarget "simmer" */ = {
			isa = XCConfigurationList;
			buildConfigurations = (
				1A71A532290732AB0032690F /* Debug */,
				1A71A533290732AB0032690F /* Release */,
			);
			defaultConfigurationIsVisible = 0;
			defaultConfigurationName = Release;
		};
		1A71A534290732AB0032690F /* Build configuration list for PBXNativeTarget "simmerTests" */ = {
			isa = XCConfigurationList;
			buildConfigurations = (
				1A71A535290732AB0032690F /* Debug */,
				1A71A536290732AB0032690F /* Release */,
			);
			defaultConfigurationIsVisible = 0;
			defaultConfigurationName = Release;
		};
		1A71A537290732AB0032690F /* Build configuration list for PBXNativeTarget "simmerUITests" */ = {
			isa = XCConfigurationList;
			buildConfigurations = (
				1A71A538290732AB0032690F /* Debug */,
				1A71A539290732AB0032690F /* Release */,
			);
			defaultConfigurationIsVisible = 0;
			defaultConfigurationName = Release;
		};
/* End XCConfigurationList section */
	};
	rootObject = 1A71A4FF290732A90032690F /* Project object */;
}
